// !$*UTF8*$!
{
	archiveVersion = 1;
	classes = {
	};
	objectVersion = 50;
	objects = {

/* Begin PBXBuildFile section */
		176B0667233635F900E3B3BB /* AppDelegate.swift in Sources */ = {isa = PBXBuildFile; fileRef = 176B0666233635F900E3B3BB /* AppDelegate.swift */; };
		176B066E233635FC00E3B3BB /* Assets.xcassets in Resources */ = {isa = PBXBuildFile; fileRef = 176B066D233635FC00E3B3BB /* Assets.xcassets */; };
		176B0671233635FC00E3B3BB /* LaunchScreen.storyboard in Resources */ = {isa = PBXBuildFile; fileRef = 176B066F233635FC00E3B3BB /* LaunchScreen.storyboard */; };
		176B067F2336363400E3B3BB /* MainScreen.swift in Sources */ = {isa = PBXBuildFile; fileRef = 176B067A2336363400E3B3BB /* MainScreen.swift */; };
		176B06802336363400E3B3BB /* FrameLayout_Screen.swift in Sources */ = {isa = PBXBuildFile; fileRef = 176B067B2336363400E3B3BB /* FrameLayout_Screen.swift */; };
		176B06812336363400E3B3BB /* RelativeLayout_Screen.swift in Sources */ = {isa = PBXBuildFile; fileRef = 176B067C2336363400E3B3BB /* RelativeLayout_Screen.swift */; };
		176B06832336364300E3B3BB /* relative_layout.storyboard in Resources */ = {isa = PBXBuildFile; fileRef = 176B06822336364300E3B3BB /* relative_layout.storyboard */; };
		176B06852336364A00E3B3BB /* frame_layout.storyboard in Resources */ = {isa = PBXBuildFile; fileRef = 176B06842336364A00E3B3BB /* frame_layout.storyboard */; };
		176B06872336365200E3B3BB /* activity_main.storyboard in Resources */ = {isa = PBXBuildFile; fileRef = 176B06862336365200E3B3BB /* activity_main.storyboard */; };
/* End PBXBuildFile section */

/* Begin PBXFileReference section */
		176B0663233635F900E3B3BB /* LayoutDemo.app */ = {isa = PBXFileReference; explicitFileType = wrapper.application; includeInIndex = 0; path = LayoutDemo.app; sourceTree = BUILT_PRODUCTS_DIR; };
		176B0666233635F900E3B3BB /* AppDelegate.swift */ = {isa = PBXFileReference; lastKnownFileType = sourcecode.swift; path = AppDelegate.swift; sourceTree = "<group>"; };
		176B066D233635FC00E3B3BB /* Assets.xcassets */ = {isa = PBXFileReference; lastKnownFileType = folder.assetcatalog; path = Assets.xcassets; sourceTree = "<group>"; };
		176B0670233635FC00E3B3BB /* Base */ = {isa = PBXFileReference; lastKnownFileType = file.storyboard; name = Base; path = Base.lproj/LaunchScreen.storyboard; sourceTree = "<group>"; };
		176B0672233635FC00E3B3BB /* Info.plist */ = {isa = PBXFileReference; lastKnownFileType = text.plist.xml; path = Info.plist; sourceTree = "<group>"; };
		176B067A2336363400E3B3BB /* MainScreen.swift */ = {isa = PBXFileReference; fileEncoding = 4; lastKnownFileType = sourcecode.swift; path = MainScreen.swift; sourceTree = "<group>"; };
		176B067B2336363400E3B3BB /* FrameLayout_Screen.swift */ = {isa = PBXFileReference; fileEncoding = 4; lastKnownFileType = sourcecode.swift; path = FrameLayout_Screen.swift; sourceTree = "<group>"; };
		176B067C2336363400E3B3BB /* RelativeLayout_Screen.swift */ = {isa = PBXFileReference; fileEncoding = 4; lastKnownFileType = sourcecode.swift; path = RelativeLayout_Screen.swift; sourceTree = "<group>"; };
		176B06822336364300E3B3BB /* relative_layout.storyboard */ = {isa = PBXFileReference; fileEncoding = 4; lastKnownFileType = file.storyboard; path = relative_layout.storyboard; sourceTree = "<group>"; };
		176B06842336364A00E3B3BB /* frame_layout.storyboard */ = {isa = PBXFileReference; fileEncoding = 4; lastKnownFileType = file.storyboard; path = frame_layout.storyboard; sourceTree = "<group>"; };
		176B06862336365200E3B3BB /* activity_main.storyboard */ = {isa = PBXFileReference; fileEncoding = 4; lastKnownFileType = file.storyboard; path = activity_main.storyboard; sourceTree = "<group>"; };
/* End PBXFileReference section */

/* Begin PBXFrameworksBuildPhase section */
		176B0660233635F900E3B3BB /* Frameworks */ = {
			isa = PBXFrameworksBuildPhase;
			buildActionMask = 2147483647;
			files = (
			);
			runOnlyForDeploymentPostprocessing = 0;
		};
/* End PBXFrameworksBuildPhase section */

/* Begin PBXGroup section */
		176B065A233635F900E3B3BB = {
			isa = PBXGroup;
			children = (
				176B0665233635F900E3B3BB /* LayoutDemo */,
				176B0664233635F900E3B3BB /* Products */,
			);
			sourceTree = "<group>";
		};
		176B0664233635F900E3B3BB /* Products */ = {
			isa = PBXGroup;
			children = (
				176B0663233635F900E3B3BB /* LayoutDemo.app */,
			);
			name = Products;
			sourceTree = "<group>";
		};
		176B0665233635F900E3B3BB /* LayoutDemo */ = {
			isa = PBXGroup;
			children = (
				176B067A2336363400E3B3BB /* MainScreen.swift */,
				176B06862336365200E3B3BB /* activity_main.storyboard */,
				176B067B2336363400E3B3BB /* FrameLayout_Screen.swift */,
				176B06842336364A00E3B3BB /* frame_layout.storyboard */,
				176B067C2336363400E3B3BB /* RelativeLayout_Screen.swift */,
				176B06822336364300E3B3BB /* relative_layout.storyboard */,
				176B066D233635FC00E3B3BB /* Assets.xcassets */,
				176B0666233635F900E3B3BB /* AppDelegate.swift */,
				176B066F233635FC00E3B3BB /* LaunchScreen.storyboard */,
				176B0672233635FC00E3B3BB /* Info.plist */,
			);
			path = LayoutDemo;
			sourceTree = "<group>";
		};
/* End PBXGroup section */

/* Begin PBXNativeTarget section */
		176B0662233635F900E3B3BB /* LayoutDemo */ = {
			isa = PBXNativeTarget;
			buildConfigurationList = 176B0675233635FC00E3B3BB /* Build configuration list for PBXNativeTarget "LayoutDemo" */;
			buildPhases = (
				176B065F233635F900E3B3BB /* Sources */,
				176B0660233635F900E3B3BB /* Frameworks */,
				176B0661233635F900E3B3BB /* Resources */,
			);
			buildRules = (
			);
			dependencies = (
			);
			name = LayoutDemo;
			productName = LayoutDemo;
			productReference = 176B0663233635F900E3B3BB /* LayoutDemo.app */;
			productType = "com.apple.product-type.application";
		};
/* End PBXNativeTarget section */

/* Begin PBXProject section */
		176B065B233635F900E3B3BB /* Project object */ = {
			isa = PBXProject;
			attributes = {
				LastSwiftUpdateCheck = 1010;
				LastUpgradeCheck = 1010;
				ORGANIZATIONNAME = OrgName;
				TargetAttributes = {
					176B0662233635F900E3B3BB = {
						CreatedOnToolsVersion = 10.1;
					};
				};
			};
			buildConfigurationList = 176B065E233635F900E3B3BB /* Build configuration list for PBXProject "LayoutDemo" */;
			compatibilityVersion = "Xcode 9.3";
			developmentRegion = en;
			hasScannedForEncodings = 0;
			knownRegions = (
				en,
				Base,
			);
			mainGroup = 176B065A233635F900E3B3BB;
			productRefGroup = 176B0664233635F900E3B3BB /* Products */;
			projectDirPath = "";
			projectRoot = "";
			targets = (
				176B0662233635F900E3B3BB /* LayoutDemo */,
			);
		};
/* End PBXProject section */

/* Begin PBXResourcesBuildPhase section */
		176B0661233635F900E3B3BB /* Resources */ = {
			isa = PBXResourcesBuildPhase;
			buildActionMask = 2147483647;
			files = (
				176B06872336365200E3B3BB /* activity_main.storyboard in Resources */,
				176B06832336364300E3B3BB /* relative_layout.storyboard in Resources */,
				176B0671233635FC00E3B3BB /* LaunchScreen.storyboard in Resources */,
				176B06852336364A00E3B3BB /* frame_layout.storyboard in Resources */,
				176B066E233635FC00E3B3BB /* Assets.xcassets in Resources */,
			);
			runOnlyForDeploymentPostprocessing = 0;
		};
/* End PBXResourcesBuildPhase section */

/* Begin PBXSourcesBuildPhase section */
		176B065F233635F900E3B3BB /* Sources */ = {
			isa = PBXSourcesBuildPhase;
			buildActionMask = 2147483647;
			files = (
				176B067F2336363400E3B3BB /* MainScreen.swift in Sources */,
				176B0667233635F900E3B3BB /* AppDelegate.swift in Sources */,
				176B06812336363400E3B3BB /* RelativeLayout_Screen.swift in Sources */,
				176B06802336363400E3B3BB /* FrameLayout_Screen.swift in Sources */,
			);
			runOnlyForDeploymentPostprocessing = 0;
		};
/* End PBXSourcesBuildPhase section */

/* Begin PBXVariantGroup section */
		176B066F233635FC00E3B3BB /* LaunchScreen.storyboard */ = {
			isa = PBXVariantGroup;
			children = (
				176B0670233635FC00E3B3BB /* Base */,
			);
			name = LaunchScreen.storyboard;
			sourceTree = "<group>";
		};
/* End PBXVariantGroup section */

/* Begin XCBuildConfiguration section */
		176B0673233635FC00E3B3BB /* Debug */ = {
			isa = XCBuildConfiguration;
			buildSettings = {
				ALWAYS_SEARCH_USER_PATHS = NO;
				CLANG_ANALYZER_NONNULL = YES;
				CLANG_ANALYZER_NUMBER_OBJECT_CONVERSION = YES_AGGRESSIVE;
				CLANG_CXX_LANGUAGE_STANDARD = "gnu++14";
				CLANG_CXX_LIBRARY = "libc++";
				CLANG_ENABLE_MODULES = YES;
				CLANG_ENABLE_OBJC_ARC = YES;
				CLANG_ENABLE_OBJC_WEAK = YES;
				CLANG_WARN_BLOCK_CAPTURE_AUTORELEASING = YES;
				CLANG_WARN_BOOL_CONVERSION = YES;
				CLANG_WARN_COMMA = YES;
				CLANG_WARN_CONSTANT_CONVERSION = YES;
				CLANG_WARN_DEPRECATED_OBJC_IMPLEMENTATIONS = YES;
				CLANG_WARN_DIRECT_OBJC_ISA_USAGE = YES_ERROR;
				CLANG_WARN_DOCUMENTATION_COMMENTS = YES;
				CLANG_WARN_EMPTY_BODY = YES;
				CLANG_WARN_ENUM_CONVERSION = YES;
				CLANG_WARN_INFINITE_RECURSION = YES;
				CLANG_WARN_INT_CONVERSION = YES;
				CLANG_WARN_NON_LITERAL_NULL_CONVERSION = YES;
				CLANG_WARN_OBJC_IMPLICIT_RETAIN_SELF = YES;
				CLANG_WARN_OBJC_LITERAL_CONVERSION = YES;
				CLANG_WARN_OBJC_ROOT_CLASS = YES_ERROR;
				CLANG_WARN_RANGE_LOOP_ANALYSIS = YES;
				CLANG_WARN_STRICT_PROTOTYPES = YES;
				CLANG_WARN_SUSPICIOUS_MOVE = YES;
				CLANG_WARN_UNGUARDED_AVAILABILITY = YES_AGGRESSIVE;
				CLANG_WARN_UNREACHABLE_CODE = YES;
				CLANG_WARN__DUPLICATE_METHOD_MATCH = YES;
				CODE_SIGN_IDENTITY = "iPhone Developer";
				COPY_PHASE_STRIP = NO;
				DEBUG_INFORMATION_FORMAT = dwarf;
				ENABLE_STRICT_OBJC_MSGSEND = YES;
				ENABLE_TESTABILITY = YES;
				GCC_C_LANGUAGE_STANDARD = gnu11;
				GCC_DYNAMIC_NO_PIC = NO;
				GCC_NO_COMMON_BLOCKS = YES;
				GCC_OPTIMIZATION_LEVEL = 0;
				GCC_PREPROCESSOR_DEFINITIONS = (
					"DEBUG=1",
					"$(inherited)",
				);
				GCC_WARN_64_TO_32_BIT_CONVERSION = YES;
				GCC_WARN_ABOUT_RETURN_TYPE = YES_ERROR;
				GCC_WARN_UNDECLARED_SELECTOR = YES;
				GCC_WARN_UNINITIALIZED_AUTOS = YES_AGGRESSIVE;
				GCC_WARN_UNUSED_FUNCTION = YES;
				GCC_WARN_UNUSED_VARIABLE = YES;
				IPHONEOS_DEPLOYMENT_TARGET = 12.1;
				MTL_ENABLE_DEBUG_INFO = INCLUDE_SOURCE;
				MTL_FAST_MATH = YES;
				ONLY_ACTIVE_ARCH = YES;
				SDKROOT = iphoneos;
				SWIFT_ACTIVE_COMPILATION_CONDITIONS = DEBUG;
				SWIFT_OPTIMIZATION_LEVEL = "-Onone";
			};
			name = Debug;
		};
		176B0674233635FC00E3B3BB /* Release */ = {
			isa = XCBuildConfiguration;
			buildSettings = {
				ALWAYS_SEARCH_USER_PATHS = NO;
				CLANG_ANALYZER_NONNULL = YES;
				CLANG_ANALYZER_NUMBER_OBJECT_CONVERSION = YES_AGGRESSIVE;
				CLANG_CXX_LANGUAGE_STANDARD = "gnu++14";
				CLANG_CXX_LIBRARY = "libc++";
				CLANG_ENABLE_MODULES = YES;
				CLANG_ENABLE_OBJC_ARC = YES;
				CLANG_ENABLE_OBJC_WEAK = YES;
				CLANG_WARN_BLOCK_CAPTURE_AUTORELEASING = YES;
				CLANG_WARN_BOOL_CONVERSION = YES;
				CLANG_WARN_COMMA = YES;
				CLANG_WARN_CONSTANT_CONVERSION = YES;
				CLANG_WARN_DEPRECATED_OBJC_IMPLEMENTATIONS = YES;
				CLANG_WARN_DIRECT_OBJC_ISA_USAGE = YES_ERROR;
				CLANG_WARN_DOCUMENTATION_COMMENTS = YES;
				CLANG_WARN_EMPTY_BODY = YES;
				CLANG_WARN_ENUM_CONVERSION = YES;
				CLANG_WARN_INFINITE_RECURSION = YES;
				CLANG_WARN_INT_CONVERSION = YES;
				CLANG_WARN_NON_LITERAL_NULL_CONVERSION = YES;
				CLANG_WARN_OBJC_IMPLICIT_RETAIN_SELF = YES;
				CLANG_WARN_OBJC_LITERAL_CONVERSION = YES;
				CLANG_WARN_OBJC_ROOT_CLASS = YES_ERROR;
				CLANG_WARN_RANGE_LOOP_ANALYSIS = YES;
				CLANG_WARN_STRICT_PROTOTYPES = YES;
				CLANG_WARN_SUSPICIOUS_MOVE = YES;
				CLANG_WARN_UNGUARDED_AVAILABILITY = YES_AGGRESSIVE;
				CLANG_WARN_UNREACHABLE_CODE = YES;
				CLANG_WARN__DUPLICATE_METHOD_MATCH = YES;
				CODE_SIGN_IDENTITY = "iPhone Developer";
				COPY_PHASE_STRIP = NO;
				DEBUG_INFORMATION_FORMAT = "dwarf-with-dsym";
				ENABLE_NS_ASSERTIONS = NO;
				ENABLE_STRICT_OBJC_MSGSEND = YES;
				GCC_C_LANGUAGE_STANDARD = gnu11;
				GCC_NO_COMMON_BLOCKS = YES;
				GCC_WARN_64_TO_32_BIT_CONVERSION = YES;
				GCC_WARN_ABOUT_RETURN_TYPE = YES_ERROR;
				GCC_WARN_UNDECLARED_SELECTOR = YES;
				GCC_WARN_UNINITIALIZED_AUTOS = YES_AGGRESSIVE;
				GCC_WARN_UNUSED_FUNCTION = YES;
				GCC_WARN_UNUSED_VARIABLE = YES;
				IPHONEOS_DEPLOYMENT_TARGET = 12.1;
				MTL_ENABLE_DEBUG_INFO = NO;
				MTL_FAST_MATH = YES;
				SDKROOT = iphoneos;
				SWIFT_COMPILATION_MODE = wholemodule;
				SWIFT_OPTIMIZATION_LEVEL = "-O";
				VALIDATE_PRODUCT = YES;
			};
			name = Release;
		};
		176B0676233635FC00E3B3BB /* Debug */ = {
			isa = XCBuildConfiguration;
			buildSettings = {
				ASSETCATALOG_COMPILER_APPICON_NAME = AppIcon;
				CODE_SIGN_STYLE = Automatic;
				INFOPLIST_FILE = LayoutDemo/Info.plist;
				LD_RUNPATH_SEARCH_PATHS = (
					"$(inherited)",
					"@executable_path/Frameworks",
				);
				PRODUCT_BUNDLE_IDENTIFIER = OrgID.LayoutDemo;
				PRODUCT_NAME = "$(TARGET_NAME)";
				SWIFT_VERSION = 4.2;
				TARGETED_DEVICE_FAMILY = "1,2";
			};
			name = Debug;
		};
		176B0677233635FC00E3B3BB /* Release */ = {
			isa = XCBuildConfiguration;
			buildSettings = {
				ASSETCATALOG_COMPILER_APPICON_NAME = AppIcon;
				CODE_SIGN_STYLE = Automatic;
				INFOPLIST_FILE = LayoutDemo/Info.plist;
				LD_RUNPATH_SEARCH_PATHS = (
					"$(inherited)",
					"@executable_path/Frameworks",
				);
				PRODUCT_BUNDLE_IDENTIFIER = OrgID.LayoutDemo;
				PRODUCT_NAME = "$(TARGET_NAME)";
				SWIFT_VERSION = 4.2;
				TARGETED_DEVICE_FAMILY = "1,2";
			};
			name = Release;
		};
/* End XCBuildConfiguration section */

/* Begin XCConfigurationList section */
		176B065E233635F900E3B3BB /* Build configuration list for PBXProject "LayoutDemo" */ = {
			isa = XCConfigurationList;
			buildConfigurations = (
				176B0673233635FC00E3B3BB /* Debug */,
				176B0674233635FC00E3B3BB /* Release */,
			);
			defaultConfigurationIsVisible = 0;
			defaultConfigurationName = Release;
		};
		176B0675233635FC00E3B3BB /* Build configuration list for PBXNativeTarget "LayoutDemo" */ = {
			isa = XCConfigurationList;
			buildConfigurations = (
				176B0676233635FC00E3B3BB /* Debug */,
				176B0677233635FC00E3B3BB /* Release */,
			);
			defaultConfigurationIsVisible = 0;
			defaultConfigurationName = Release;
		};
/* End XCConfigurationList section */
	};
	rootObject = 176B065B233635F900E3B3BB /* Project object */;
}
